
Microsoft Visual Studio Solution File, Format Version 12.00
# Visual Studio Version 17
VisualStudioVersion = 17.0.31903.59
MinimumVisualStudioVersion = 10.0.40219.1
Project("{FAE04EC0-301F-11D3-BF4B-00C04F79EFBC}") = "SchoolAdminDashboard", "SchoolAdminDashboard\SchoolAdminDashboard.csproj", "{9BFE40AC-8E39-4635-82F7-C7D79C7FEB53}"
EndProject
Project("{FAE04EC0-301F-11D3-BF4B-00C04F79EFBC}") = "SchoolAdminDashboard.Tests", "SchoolAdminDashboard.Tests\SchoolAdminDashboard.Tests.csproj", "{B8DB5BF8-BC62-471B-96DC-26870C147C5E}"
EndProject
Global
	GlobalSection(SolutionConfigurationPlatforms) = preSolution
		Debug|Any CPU = Debug|Any CPU
		Debug|x64 = Debug|x64
		Debug|x86 = Debug|x86
		Release|Any CPU = Release|Any CPU
		Release|x64 = Release|x64
		Release|x86 = Release|x86
	EndGlobalSection
	GlobalSection(ProjectConfigurationPlatforms) = postSolution
		{9BFE40AC-8E39-4635-82F7-C7D79C7FEB53}.Debug|Any CPU.ActiveCfg = Debug|Any CPU
		{9BFE40AC-8E39-4635-82F7-C7D79C7FEB53}.Debug|Any CPU.Build.0 = Debug|Any CPU
		{9BFE40AC-8E39-4635-82F7-C7D79C7FEB53}.Debug|x64.ActiveCfg = Debug|Any CPU
		{9BFE40AC-8E39-4635-82F7-C7D79C7FEB53}.Debug|x64.Build.0 = Debug|Any CPU
		{9BFE40AC-8E39-4635-82F7-C7D79C7FEB53}.Debug|x86.ActiveCfg = Debug|Any CPU
		{9BFE40AC-8E39-4635-82F7-C7D79C7FEB53}.Debug|x86.Build.0 = Debug|Any CPU
		{9BFE40AC-8E39-4635-82F7-C7D79C7FEB53}.Release|Any CPU.ActiveCfg = Release|Any CPU
		{9BFE40AC-8E39-4635-82F7-C7D79C7FEB53}.Release|Any CPU.Build.0 = Release|Any CPU
		{9BFE40AC-8E39-4635-82F7-C7D79C7FEB53}.Release|x64.ActiveCfg = Release|Any CPU
		{9BFE40AC-8E39-4635-82F7-C7D79C7FEB53}.Release|x64.Build.0 = Release|Any CPU
		{9BFE40AC-8E39-4635-82F7-C7D79C7FEB53}.Release|x86.ActiveCfg = Release|Any CPU
		{9BFE40AC-8E39-4635-82F7-C7D79C7FEB53}.Release|x86.Build.0 = Release|Any CPU
		{B8DB5BF8-BC62-471B-96DC-26870C147C5E}.Debug|Any CPU.ActiveCfg = Debug|Any CPU
		{B8DB5BF8-BC62-471B-96DC-26870C147C5E}.Debug|Any CPU.Build.0 = Debug|Any CPU
		{B8DB5BF8-BC62-471B-96DC-26870C147C5E}.Debug|x64.ActiveCfg = Debug|Any CPU
		{B8DB5BF8-BC62-471B-96DC-26870C147C5E}.Debug|x64.Build.0 = Debug|Any CPU
		{B8DB5BF8-BC62-471B-96DC-26870C147C5E}.Debug|x86.ActiveCfg = Debug|Any CPU
		{B8DB5BF8-BC62-471B-96DC-26870C147C5E}.Debug|x86.Build.0 = Debug|Any CPU
		{B8DB5BF8-BC62-471B-96DC-26870C147C5E}.Release|Any CPU.ActiveCfg = Release|Any CPU
		{B8DB5BF8-BC62-471B-96DC-26870C147C5E}.Release|Any CPU.Build.0 = Release|Any CPU
		{B8DB5BF8-BC62-471B-96DC-26870C147C5E}.Release|x64.ActiveCfg = Release|Any CPU
		{B8DB5BF8-BC62-471B-96DC-26870C147C5E}.Release|x64.Build.0 = Release|Any CPU
		{B8DB5BF8-BC62-471B-96DC-26870C147C5E}.Release|x86.ActiveCfg = Release|Any CPU
		{B8DB5BF8-BC62-471B-96DC-26870C147C5E}.Release|x86.Build.0 = Release|Any CPU
	EndGlobalSection
	GlobalSection(SolutionProperties) = preSolution
		HideSolutionNode = FALSE
	EndGlobalSection
EndGlobal
